
Microsoft Visual Studio Solution File, Format Version 12.00
# Visual Studio 15
VisualStudioVersion = 15.0.28307.645
MinimumVisualStudioVersion = 10.0.40219.1
Project("{FAE04EC0-301F-11D3-BF4B-00C04F79EFBC}") = "BreadBot", "BreadBot\BreadBot.csproj", "{012ACBD2-233D-46C8-BA2A-34F1124ADFD1}"
EndProject
Global
	GlobalSection(SolutionConfigurationPlatforms) = preSolution
		Debug|Any CPU = Debug|Any CPU
		Release|Any CPU = Release|Any CPU
	EndGlobalSection
	GlobalSection(ProjectConfigurationPlatforms) = postSolution
		{012ACBD2-233D-46C8-BA2A-34F1124ADFD1}.Debug|Any CPU.ActiveCfg = Debug|Any CPU
		{012ACBD2-233D-46C8-BA2A-34F1124ADFD1}.Debug|Any CPU.Build.0 = Debug|Any CPU
		{012ACBD2-233D-46C8-BA2A-34F1124ADFD1}.Release|Any CPU.ActiveCfg = Release|Any CPU
		{012ACBD2-233D-46C8-BA2A-34F1124ADFD1}.Release|Any CPU.Build.0 = Release|Any CPU
	EndGlobalSection
	GlobalSection(SolutionProperties) = preSolution
		HideSolutionNode = FALSE
	EndGlobalSection
	GlobalSection(ExtensibilityGlobals) = postSolution
		SolutionGuid = {F6A80B0F-804D-4DF1-A685-17633D408752}
	EndGlobalSection
EndGlobal
